
Microsoft Visual Studio Solution File, Format Version 12.00
# Visual Studio 15
VisualStudioVersion = 15.0.26730.16
MinimumVisualStudioVersion = 10.0.40219.1
Project("{FAE04EC0-301F-11D3-BF4B-00C04F79EFBC}") = "BookStore.Web", "BookStore.Web\BookStore.Web.csproj", "{EEB09F9F-9471-4677-88A4-F18EE7FFB72E}"
EndProject
Project("{2150E333-8FDC-42A3-9474-1A3956D46DE8}") = "Data", "Data", "{094C26B4-284F-4D81-9C7F-7EBAE6113758}"
EndProject
Project("{FAE04EC0-301F-11D3-BF4B-00C04F79EFBC}") = "BookStore.Data", "BookStore.Data\BookStore.Data.csproj", "{FED59DFA-E453-45AC-BB08-11F97A5815C1}"
EndProject
Project("{FAE04EC0-301F-11D3-BF4B-00C04F79EFBC}") = "BookStore.Data.Model", "BookStore.Data.Model\BookStore.Data.Model.csproj", "{A25DB66B-6A03-4364-B6E6-7A95BDF26C6E}"
EndProject
Project("{2150E333-8FDC-42A3-9474-1A3956D46DE8}") = "Services", "Services", "{99E44D12-D373-4895-8FA9-40CEE075D11A}"
EndProject
Project("{FAE04EC0-301F-11D3-BF4B-00C04F79EFBC}") = "BookStore.Services", "BookStore.Services\BookStore.Services.csproj", "{CDA757E0-A248-4D51-9CD2-19ED5A34E999}"
EndProject
Project("{2150E333-8FDC-42A3-9474-1A3956D46DE8}") = "Common", "Common", "{1142F1B9-1324-4066-915C-3C9EDCFF0922}"
EndProject
Project("{FAE04EC0-301F-11D3-BF4B-00C04F79EFBC}") = "BookStore.Common", "BookStore.Common\BookStore.Common.csproj", "{97823406-8ACE-4B50-8C26-F8A66C6F0C78}"
EndProject
Project("{2150E333-8FDC-42A3-9474-1A3956D46DE8}") = "Tests", "Tests", "{CB7AFB60-93DD-43C6-83D8-403EAA4F67CC}"
EndProject
Project("{FAE04EC0-301F-11D3-BF4B-00C04F79EFBC}") = "BookStore.Data.Tests", "Tests\BookStore.Data.Tests\BookStore.Data.Tests.csproj", "{3376B871-2891-44C8-9C0F-B346A96679E5}"
EndProject
Project("{FAE04EC0-301F-11D3-BF4B-00C04F79EFBC}") = "BookStore.Services.Tests", "BookStore.Services.Tests\BookStore.Services.Tests.csproj", "{ECC2B802-E6AB-43FB-A5AD-B78C4D3B4D25}"
EndProject
Global
	GlobalSection(SolutionConfigurationPlatforms) = preSolution
		Debug|Any CPU = Debug|Any CPU
		Debug|ARM = Debug|ARM
		Debug|x64 = Debug|x64
		Debug|x86 = Debug|x86
		Release|Any CPU = Release|Any CPU
		Release|ARM = Release|ARM
		Release|x64 = Release|x64
		Release|x86 = Release|x86
	EndGlobalSection
	GlobalSection(ProjectConfigurationPlatforms) = postSolution
		{EEB09F9F-9471-4677-88A4-F18EE7FFB72E}.Debug|Any CPU.ActiveCfg = Debug|Any CPU
		{EEB09F9F-9471-4677-88A4-F18EE7FFB72E}.Debug|Any CPU.Build.0 = Debug|Any CPU
		{EEB09F9F-9471-4677-88A4-F18EE7FFB72E}.Debug|ARM.ActiveCfg = Debug|Any CPU
		{EEB09F9F-9471-4677-88A4-F18EE7FFB72E}.Debug|ARM.Build.0 = Debug|Any CPU
		{EEB09F9F-9471-4677-88A4-F18EE7FFB72E}.Debug|x64.ActiveCfg = Debug|Any CPU
		{EEB09F9F-9471-4677-88A4-F18EE7FFB72E}.Debug|x64.Build.0 = Debug|Any CPU
		{EEB09F9F-9471-4677-88A4-F18EE7FFB72E}.Debug|x86.ActiveCfg = Debug|Any CPU
		{EEB09F9F-9471-4677-88A4-F18EE7FFB72E}.Debug|x86.Build.0 = Debug|Any CPU
		{EEB09F9F-9471-4677-88A4-F18EE7FFB72E}.Release|Any CPU.ActiveCfg = Release|Any CPU
		{EEB09F9F-9471-4677-88A4-F18EE7FFB72E}.Release|Any CPU.Build.0 = Release|Any CPU
		{EEB09F9F-9471-4677-88A4-F18EE7FFB72E}.Release|ARM.ActiveCfg = Release|Any CPU
		{EEB09F9F-9471-4677-88A4-F18EE7FFB72E}.Release|ARM.Build.0 = Release|Any CPU
		{EEB09F9F-9471-4677-88A4-F18EE7FFB72E}.Release|x64.ActiveCfg = Release|Any CPU
		{EEB09F9F-9471-4677-88A4-F18EE7FFB72E}.Release|x64.Build.0 = Release|Any CPU
		{EEB09F9F-9471-4677-88A4-F18EE7FFB72E}.Release|x86.ActiveCfg = Release|Any CPU
		{EEB09F9F-9471-4677-88A4-F18EE7FFB72E}.Release|x86.Build.0 = Release|Any CPU
		{FED59DFA-E453-45AC-BB08-11F97A5815C1}.Debug|Any CPU.ActiveCfg = Debug|Any CPU
		{FED59DFA-E453-45AC-BB08-11F97A5815C1}.Debug|Any CPU.Build.0 = Debug|Any CPU
		{FED59DFA-E453-45AC-BB08-11F97A5815C1}.Debug|ARM.ActiveCfg = Debug|Any CPU
		{FED59DFA-E453-45AC-BB08-11F97A5815C1}.Debug|ARM.Build.0 = Debug|Any CPU
		{FED59DFA-E453-45AC-BB08-11F97A5815C1}.Debug|x64.ActiveCfg = Debug|Any CPU
		{FED59DFA-E453-45AC-BB08-11F97A5815C1}.Debug|x64.Build.0 = Debug|Any CPU
		{FED59DFA-E453-45AC-BB08-11F97A5815C1}.Debug|x86.ActiveCfg = Debug|Any CPU
		{FED59DFA-E453-45AC-BB08-11F97A5815C1}.Debug|x86.Build.0 = Debug|Any CPU
		{FED59DFA-E453-45AC-BB08-11F97A5815C1}.Release|Any CPU.ActiveCfg = Release|Any CPU
		{FED59DFA-E453-45AC-BB08-11F97A5815C1}.Release|Any CPU.Build.0 = Release|Any CPU
		{FED59DFA-E453-45AC-BB08-11F97A5815C1}.Release|ARM.ActiveCfg = Release|Any CPU
		{FED59DFA-E453-45AC-BB08-11F97A5815C1}.Release|ARM.Build.0 = Release|Any CPU
		{FED59DFA-E453-45AC-BB08-11F97A5815C1}.Release|x64.ActiveCfg = Release|Any CPU
		{FED59DFA-E453-45AC-BB08-11F97A5815C1}.Release|x64.Build.0 = Release|Any CPU
		{FED59DFA-E453-45AC-BB08-11F97A5815C1}.Release|x86.ActiveCfg = Release|Any CPU
		{FED59DFA-E453-45AC-BB08-11F97A5815C1}.Release|x86.Build.0 = Release|Any CPU
		{A25DB66B-6A03-4364-B6E6-7A95BDF26C6E}.Debug|Any CPU.ActiveCfg = Debug|Any CPU
		{A25DB66B-6A03-4364-B6E6-7A95BDF26C6E}.Debug|Any CPU.Build.0 = Debug|Any CPU
		{A25DB66B-6A03-4364-B6E6-7A95BDF26C6E}.Debug|ARM.ActiveCfg = Debug|Any CPU
		{A25DB66B-6A03-4364-B6E6-7A95BDF26C6E}.Debug|ARM.Build.0 = Debug|Any CPU
		{A25DB66B-6A03-4364-B6E6-7A95BDF26C6E}.Debug|x64.ActiveCfg = Debug|Any CPU
		{A25DB66B-6A03-4364-B6E6-7A95BDF26C6E}.Debug|x64.Build.0 = Debug|Any CPU
		{A25DB66B-6A03-4364-B6E6-7A95BDF26C6E}.Debug|x86.ActiveCfg = Debug|Any CPU
		{A25DB66B-6A03-4364-B6E6-7A95BDF26C6E}.Debug|x86.Build.0 = Debug|Any CPU
		{A25DB66B-6A03-4364-B6E6-7A95BDF26C6E}.Release|Any CPU.ActiveCfg = Release|Any CPU
		{A25DB66B-6A03-4364-B6E6-7A95BDF26C6E}.Release|Any CPU.Build.0 = Release|Any CPU
		{A25DB66B-6A03-4364-B6E6-7A95BDF26C6E}.Release|ARM.ActiveCfg = Release|Any CPU
		{A25DB66B-6A03-4364-B6E6-7A95BDF26C6E}.Release|ARM.Build.0 = Release|Any CPU
		{A25DB66B-6A03-4364-B6E6-7A95BDF26C6E}.Release|x64.ActiveCfg = Release|Any CPU
		{A25DB66B-6A03-4364-B6E6-7A95BDF26C6E}.Release|x64.Build.0 = Release|Any CPU
		{A25DB66B-6A03-4364-B6E6-7A95BDF26C6E}.Release|x86.ActiveCfg = Release|Any CPU
		{A25DB66B-6A03-4364-B6E6-7A95BDF26C6E}.Release|x86.Build.0 = Release|Any CPU
		{CDA757E0-A248-4D51-9CD2-19ED5A34E999}.Debug|Any CPU.ActiveCfg = Debug|Any CPU
		{CDA757E0-A248-4D51-9CD2-19ED5A34E999}.Debug|Any CPU.Build.0 = Debug|Any CPU
		{CDA757E0-A248-4D51-9CD2-19ED5A34E999}.Debug|ARM.ActiveCfg = Debug|Any CPU
		{CDA757E0-A248-4D51-9CD2-19ED5A34E999}.Debug|ARM.Build.0 = Debug|Any CPU
		{CDA757E0-A248-4D51-9CD2-19ED5A34E999}.Debug|x64.ActiveCfg = Debug|Any CPU
		{CDA757E0-A248-4D51-9CD2-19ED5A34E999}.Debug|x64.Build.0 = Debug|Any CPU
		{CDA757E0-A248-4D51-9CD2-19ED5A34E999}.Debug|x86.ActiveCfg = Debug|Any CPU
		{CDA757E0-A248-4D51-9CD2-19ED5A34E999}.Debug|x86.Build.0 = Debug|Any CPU
		{CDA757E0-A248-4D51-9CD2-19ED5A34E999}.Release|Any CPU.ActiveCfg = Release|Any CPU
		{CDA757E0-A248-4D51-9CD2-19ED5A34E999}.Release|Any CPU.Build.0 = Release|Any CPU
		{CDA757E0-A248-4D51-9CD2-19ED5A34E999}.Release|ARM.ActiveCfg = Release|Any CPU
		{CDA757E0-A248-4D51-9CD2-19ED5A34E999}.Release|ARM.Build.0 = Release|Any CPU
		{CDA757E0-A248-4D51-9CD2-19ED5A34E999}.Release|x64.ActiveCfg = Release|Any CPU
		{CDA757E0-A248-4D51-9CD2-19ED5A34E999}.Release|x64.Build.0 = Release|Any CPU
		{CDA757E0-A248-4D51-9CD2-19ED5A34E999}.Release|x86.ActiveCfg = Release|Any CPU
		{CDA757E0-A248-4D51-9CD2-19ED5A34E999}.Release|x86.Build.0 = Release|Any CPU
		{97823406-8ACE-4B50-8C26-F8A66C6F0C78}.Debug|Any CPU.ActiveCfg = Debug|Any CPU
		{97823406-8ACE-4B50-8C26-F8A66C6F0C78}.Debug|Any CPU.Build.0 = Debug|Any CPU
		{97823406-8ACE-4B50-8C26-F8A66C6F0C78}.Debug|ARM.ActiveCfg = Debug|Any CPU
		{97823406-8ACE-4B50-8C26-F8A66C6F0C78}.Debug|ARM.Build.0 = Debug|Any CPU
		{97823406-8ACE-4B50-8C26-F8A66C6F0C78}.Debug|x64.ActiveCfg = Debug|Any CPU
		{97823406-8ACE-4B50-8C26-F8A66C6F0C78}.Debug|x64.Build.0 = Debug|Any CPU
		{97823406-8ACE-4B50-8C26-F8A66C6F0C78}.Debug|x86.ActiveCfg = Debug|Any CPU
		{97823406-8ACE-4B50-8C26-F8A66C6F0C78}.Debug|x86.Build.0 = Debug|Any CPU
		{97823406-8ACE-4B50-8C26-F8A66C6F0C78}.Release|Any CPU.ActiveCfg = Release|Any CPU
		{97823406-8ACE-4B50-8C26-F8A66C6F0C78}.Release|Any CPU.Build.0 = Release|Any CPU
		{97823406-8ACE-4B50-8C26-F8A66C6F0C78}.Release|ARM.ActiveCfg = Release|Any CPU
		{97823406-8ACE-4B50-8C26-F8A66C6F0C78}.Release|ARM.Build.0 = Release|Any CPU
		{97823406-8ACE-4B50-8C26-F8A66C6F0C78}.Release|x64.ActiveCfg = Release|Any CPU
		{97823406-8ACE-4B50-8C26-F8A66C6F0C78}.Release|x64.Build.0 = Release|Any CPU
		{97823406-8ACE-4B50-8C26-F8A66C6F0C78}.Release|x86.ActiveCfg = Release|Any CPU
		{97823406-8ACE-4B50-8C26-F8A66C6F0C78}.Release|x86.Build.0 = Release|Any CPU
		{3376B871-2891-44C8-9C0F-B346A96679E5}.Debug|Any CPU.ActiveCfg = Debug|Any CPU
		{3376B871-2891-44C8-9C0F-B346A96679E5}.Debug|Any CPU.Build.0 = Debug|Any CPU
		{3376B871-2891-44C8-9C0F-B346A96679E5}.Debug|ARM.ActiveCfg = Debug|Any CPU
		{3376B871-2891-44C8-9C0F-B346A96679E5}.Debug|ARM.Build.0 = Debug|Any CPU
		{3376B871-2891-44C8-9C0F-B346A96679E5}.Debug|x64.ActiveCfg = Debug|Any CPU
		{3376B871-2891-44C8-9C0F-B346A96679E5}.Debug|x64.Build.0 = Debug|Any CPU
		{3376B871-2891-44C8-9C0F-B346A96679E5}.Debug|x86.ActiveCfg = Debug|Any CPU
		{3376B871-2891-44C8-9C0F-B346A96679E5}.Debug|x86.Build.0 = Debug|Any CPU
		{3376B871-2891-44C8-9C0F-B346A96679E5}.Release|Any CPU.ActiveCfg = Release|Any CPU
		{3376B871-2891-44C8-9C0F-B346A96679E5}.Release|Any CPU.Build.0 = Release|Any CPU
		{3376B871-2891-44C8-9C0F-B346A96679E5}.Release|ARM.ActiveCfg = Release|Any CPU
		{3376B871-2891-44C8-9C0F-B346A96679E5}.Release|ARM.Build.0 = Release|Any CPU
		{3376B871-2891-44C8-9C0F-B346A96679E5}.Release|x64.ActiveCfg = Release|Any CPU
		{3376B871-2891-44C8-9C0F-B346A96679E5}.Release|x64.Build.0 = Release|Any CPU
		{3376B871-2891-44C8-9C0F-B346A96679E5}.Release|x86.ActiveCfg = Release|Any CPU
		{3376B871-2891-44C8-9C0F-B346A96679E5}.Release|x86.Build.0 = Release|Any CPU
		{ECC2B802-E6AB-43FB-A5AD-B78C4D3B4D25}.Debug|Any CPU.ActiveCfg = Debug|Any CPU
		{ECC2B802-E6AB-43FB-A5AD-B78C4D3B4D25}.Debug|Any CPU.Build.0 = Debug|Any CPU
		{ECC2B802-E6AB-43FB-A5AD-B78C4D3B4D25}.Debug|ARM.ActiveCfg = Debug|Any CPU
		{ECC2B802-E6AB-43FB-A5AD-B78C4D3B4D25}.Debug|ARM.Build.0 = Debug|Any CPU
		{ECC2B802-E6AB-43FB-A5AD-B78C4D3B4D25}.Debug|x64.ActiveCfg = Debug|Any CPU
		{ECC2B802-E6AB-43FB-A5AD-B78C4D3B4D25}.Debug|x64.Build.0 = Debug|Any CPU
		{ECC2B802-E6AB-43FB-A5AD-B78C4D3B4D25}.Debug|x86.ActiveCfg = Debug|Any CPU
		{ECC2B802-E6AB-43FB-A5AD-B78C4D3B4D25}.Debug|x86.Build.0 = Debug|Any CPU
		{ECC2B802-E6AB-43FB-A5AD-B78C4D3B4D25}.Release|Any CPU.ActiveCfg = Release|Any CPU
		{ECC2B802-E6AB-43FB-A5AD-B78C4D3B4D25}.Release|Any CPU.Build.0 = Release|Any CPU
		{ECC2B802-E6AB-43FB-A5AD-B78C4D3B4D25}.Release|ARM.ActiveCfg = Release|Any CPU
		{ECC2B802-E6AB-43FB-A5AD-B78C4D3B4D25}.Release|ARM.Build.0 = Release|Any CPU
		{ECC2B802-E6AB-43FB-A5AD-B78C4D3B4D25}.Release|x64.ActiveCfg = Release|Any CPU
		{ECC2B802-E6AB-43FB-A5AD-B78C4D3B4D25}.Release|x64.Build.0 = Release|Any CPU
		{ECC2B802-E6AB-43FB-A5AD-B78C4D3B4D25}.Release|x86.ActiveCfg = Release|Any CPU
		{ECC2B802-E6AB-43FB-A5AD-B78C4D3B4D25}.Release|x86.Build.0 = Release|Any CPU
	EndGlobalSection
	GlobalSection(SolutionProperties) = preSolution
		HideSolutionNode = FALSE
	EndGlobalSection
	GlobalSection(NestedProjects) = preSolution
		{FED59DFA-E453-45AC-BB08-11F97A5815C1} = {094C26B4-284F-4D81-9C7F-7EBAE6113758}
		{A25DB66B-6A03-4364-B6E6-7A95BDF26C6E} = {094C26B4-284F-4D81-9C7F-7EBAE6113758}
		{CDA757E0-A248-4D51-9CD2-19ED5A34E999} = {99E44D12-D373-4895-8FA9-40CEE075D11A}
		{97823406-8ACE-4B50-8C26-F8A66C6F0C78} = {1142F1B9-1324-4066-915C-3C9EDCFF0922}
		{3376B871-2891-44C8-9C0F-B346A96679E5} = {CB7AFB60-93DD-43C6-83D8-403EAA4F67CC}
		{ECC2B802-E6AB-43FB-A5AD-B78C4D3B4D25} = {CB7AFB60-93DD-43C6-83D8-403EAA4F67CC}
	EndGlobalSection
	GlobalSection(ExtensibilityGlobals) = postSolution
		SolutionGuid = {7C26F4C8-F976-4EBF-B531-C6F612CA2787}
	EndGlobalSection
EndGlobal
